// !$*UTF8*$!
{
	archiveVersion = 1;
	classes = {
	};
	objectVersion = 51;
	objects = {

/* Begin PBXBuildFile section */
		3977D43E3B58D331BD80BB42 /* Pods_CodeBaseTests.framework in Frameworks */ = {isa = PBXBuildFile; fileRef = B771461FCC4DA07BC7936130 /* Pods_CodeBaseTests.framework */; };
		C9BA89257093FD63AB70BFEE /* Pods_CodeBase.framework in Frameworks */ = {isa = PBXBuildFile; fileRef = 3E95DF63FE1DBBD777B9330B /* Pods_CodeBase.framework */; };
		D384AFCA058B0936E81A66B2 /* Pods_CodeBase_CodeBaseUITests.framework in Frameworks */ = {isa = PBXBuildFile; fileRef = 874D816B0662B4F71EFF98D9 /* Pods_CodeBase_CodeBaseUITests.framework */; };
		F9AF14B525DD04B600777A77 /* AppDelegate.swift in Sources */ = {isa = PBXBuildFile; fileRef = F9AF14B425DD04B600777A77 /* AppDelegate.swift */; };
		F9AF14BC25DD04B600777A77 /* Main.storyboard in Resources */ = {isa = PBXBuildFile; fileRef = F9AF14BA25DD04B600777A77 /* Main.storyboard */; };
		F9AF14BE25DD04B700777A77 /* Assets.xcassets in Resources */ = {isa = PBXBuildFile; fileRef = F9AF14BD25DD04B700777A77 /* Assets.xcassets */; };
		F9AF14C125DD04B700777A77 /* LaunchScreen.storyboard in Resources */ = {isa = PBXBuildFile; fileRef = F9AF14BF25DD04B700777A77 /* LaunchScreen.storyboard */; };
		F9AF14CC25DD04B700777A77 /* CodeBaseTests.swift in Sources */ = {isa = PBXBuildFile; fileRef = F9AF14CB25DD04B700777A77 /* CodeBaseTests.swift */; };
		F9AF14D725DD04B800777A77 /* CodeBaseUITests.swift in Sources */ = {isa = PBXBuildFile; fileRef = F9AF14D625DD04B800777A77 /* CodeBaseUITests.swift */; };
		F9AF150725DD059100777A77 /* SettingViewController.swift in Sources */ = {isa = PBXBuildFile; fileRef = F9AF14F625DD059000777A77 /* SettingViewController.swift */; };
		F9AF150825DD059100777A77 /* RocketDetailViewController.swift in Sources */ = {isa = PBXBuildFile; fileRef = F9AF14F825DD059100777A77 /* RocketDetailViewController.swift */; };
		F9AF150925DD059100777A77 /* RocketDetailViewModel.swift in Sources */ = {isa = PBXBuildFile; fileRef = F9AF14F925DD059100777A77 /* RocketDetailViewModel.swift */; };
		F9AF150A25DD059100777A77 /* MainViewController.swift in Sources */ = {isa = PBXBuildFile; fileRef = F9AF14FA25DD059100777A77 /* MainViewController.swift */; };
		F9AF150B25DD059100777A77 /* MainViewModel.swift in Sources */ = {isa = PBXBuildFile; fileRef = F9AF14FB25DD059100777A77 /* MainViewModel.swift */; };
		F9AF150C25DD059100777A77 /* MainTabbarViewController.swift in Sources */ = {isa = PBXBuildFile; fileRef = F9AF14FC25DD059100777A77 /* MainTabbarViewController.swift */; };
		F9AF150D25DD059100777A77 /* Constants.swift in Sources */ = {isa = PBXBuildFile; fileRef = F9AF14FE25DD059100777A77 /* Constants.swift */; };
		F9AF150E25DD059100777A77 /* YouTubeSearchNetwork.swift in Sources */ = {isa = PBXBuildFile; fileRef = F9AF150025DD059100777A77 /* YouTubeSearchNetwork.swift */; };
		F9AF150F25DD059100777A77 /* Network.swift in Sources */ = {isa = PBXBuildFile; fileRef = F9AF150125DD059100777A77 /* Network.swift */; };
		F9AF151025DD059100777A77 /* RocketListNetwork.swift in Sources */ = {isa = PBXBuildFile; fileRef = F9AF150225DD059100777A77 /* RocketListNetwork.swift */; };
		F9AF151125DD059100777A77 /* BaseViewController.swift in Sources */ = {isa = PBXBuildFile; fileRef = F9AF150425DD059100777A77 /* BaseViewController.swift */; };
		F9AF151225DD059100777A77 /* BaseContract.swift in Sources */ = {isa = PBXBuildFile; fileRef = F9AF150525DD059100777A77 /* BaseContract.swift */; };
		F9AF151325DD059100777A77 /* BaseViewModel.swift in Sources */ = {isa = PBXBuildFile; fileRef = F9AF150625DD059100777A77 /* BaseViewModel.swift */; };
		F9AF151825DD05EB00777A77 /* MainViewModelTests.swift in Sources */ = {isa = PBXBuildFile; fileRef = F9AF151725DD05EB00777A77 /* MainViewModelTests.swift */; };
/* End PBXBuildFile section */

/* Begin PBXContainerItemProxy section */
		F9AF14C825DD04B700777A77 /* PBXContainerItemProxy */ = {
			isa = PBXContainerItemProxy;
			containerPortal = F9AF14A925DD04B600777A77 /* Project object */;
			proxyType = 1;
			remoteGlobalIDString = F9AF14B025DD04B600777A77;
			remoteInfo = CodeBase;
		};
		F9AF14D325DD04B800777A77 /* PBXContainerItemProxy */ = {
			isa = PBXContainerItemProxy;
			containerPortal = F9AF14A925DD04B600777A77 /* Project object */;
			proxyType = 1;
			remoteGlobalIDString = F9AF14B025DD04B600777A77;
			remoteInfo = CodeBase;
		};
/* End PBXContainerItemProxy section */

/* Begin PBXFileReference section */
		15037355E1961712FE6D5ED3 /* Pods-CodeBase-CodeBaseUITests.debug.xcconfig */ = {isa = PBXFileReference; includeInIndex = 1; lastKnownFileType = text.xcconfig; name = "Pods-CodeBase-CodeBaseUITests.debug.xcconfig"; path = "Target Support Files/Pods-CodeBase-CodeBaseUITests/Pods-CodeBase-CodeBaseUITests.debug.xcconfig"; sourceTree = "<group>"; };
		19FE92B0DFC7B1479B1CC716 /* Pods-CodeBase.release.xcconfig */ = {isa = PBXFileReference; includeInIndex = 1; lastKnownFileType = text.xcconfig; name = "Pods-CodeBase.release.xcconfig"; path = "Target Support Files/Pods-CodeBase/Pods-CodeBase.release.xcconfig"; sourceTree = "<group>"; };
		3E95DF63FE1DBBD777B9330B /* Pods_CodeBase.framework */ = {isa = PBXFileReference; explicitFileType = wrapper.framework; includeInIndex = 0; path = Pods_CodeBase.framework; sourceTree = BUILT_PRODUCTS_DIR; };
		5773AE4D1F09AA97BADC2C73 /* Pods-CodeBaseTests.debug.xcconfig */ = {isa = PBXFileReference; includeInIndex = 1; lastKnownFileType = text.xcconfig; name = "Pods-CodeBaseTests.debug.xcconfig"; path = "Target Support Files/Pods-CodeBaseTests/Pods-CodeBaseTests.debug.xcconfig"; sourceTree = "<group>"; };
		5BD32B6BD820BEAA3A31AEF5 /* Pods-CodeBaseTests.release.xcconfig */ = {isa = PBXFileReference; includeInIndex = 1; lastKnownFileType = text.xcconfig; name = "Pods-CodeBaseTests.release.xcconfig"; path = "Target Support Files/Pods-CodeBaseTests/Pods-CodeBaseTests.release.xcconfig"; sourceTree = "<group>"; };
		874D816B0662B4F71EFF98D9 /* Pods_CodeBase_CodeBaseUITests.framework */ = {isa = PBXFileReference; explicitFileType = wrapper.framework; includeInIndex = 0; path = Pods_CodeBase_CodeBaseUITests.framework; sourceTree = BUILT_PRODUCTS_DIR; };
		AA7940492A3EE3CC01AB6146 /* Pods-CodeBase-CodeBaseUITests.release.xcconfig */ = {isa = PBXFileReference; includeInIndex = 1; lastKnownFileType = text.xcconfig; name = "Pods-CodeBase-CodeBaseUITests.release.xcconfig"; path = "Target Support Files/Pods-CodeBase-CodeBaseUITests/Pods-CodeBase-CodeBaseUITests.release.xcconfig"; sourceTree = "<group>"; };
		B771461FCC4DA07BC7936130 /* Pods_CodeBaseTests.framework */ = {isa = PBXFileReference; explicitFileType = wrapper.framework; includeInIndex = 0; path = Pods_CodeBaseTests.framework; sourceTree = BUILT_PRODUCTS_DIR; };
		DD22F5830E06062C762CF501 /* Pods-CodeBase.debug.xcconfig */ = {isa = PBXFileReference; includeInIndex = 1; lastKnownFileType = text.xcconfig; name = "Pods-CodeBase.debug.xcconfig"; path = "Target Support Files/Pods-CodeBase/Pods-CodeBase.debug.xcconfig"; sourceTree = "<group>"; };
		F9AF14B125DD04B600777A77 /* CodeBase.app */ = {isa = PBXFileReference; explicitFileType = wrapper.application; includeInIndex = 0; path = CodeBase.app; sourceTree = BUILT_PRODUCTS_DIR; };
		F9AF14B425DD04B600777A77 /* AppDelegate.swift */ = {isa = PBXFileReference; lastKnownFileType = sourcecode.swift; path = AppDelegate.swift; sourceTree = "<group>"; };
		F9AF14BB25DD04B600777A77 /* Base */ = {isa = PBXFileReference; lastKnownFileType = file.storyboard; name = Base; path = Base.lproj/Main.storyboard; sourceTree = "<group>"; };
		F9AF14BD25DD04B700777A77 /* Assets.xcassets */ = {isa = PBXFileReference; lastKnownFileType = folder.assetcatalog; path = Assets.xcassets; sourceTree = "<group>"; };
		F9AF14C025DD04B700777A77 /* Base */ = {isa = PBXFileReference; lastKnownFileType = file.storyboard; name = Base; path = Base.lproj/LaunchScreen.storyboard; sourceTree = "<group>"; };
		F9AF14C225DD04B700777A77 /* Info.plist */ = {isa = PBXFileReference; lastKnownFileType = text.plist.xml; path = Info.plist; sourceTree = "<group>"; };
		F9AF14C725DD04B700777A77 /* CodeBaseTests.xctest */ = {isa = PBXFileReference; explicitFileType = wrapper.cfbundle; includeInIndex = 0; path = CodeBaseTests.xctest; sourceTree = BUILT_PRODUCTS_DIR; };
		F9AF14CB25DD04B700777A77 /* CodeBaseTests.swift */ = {isa = PBXFileReference; lastKnownFileType = sourcecode.swift; path = CodeBaseTests.swift; sourceTree = "<group>"; };
		F9AF14CD25DD04B700777A77 /* Info.plist */ = {isa = PBXFileReference; lastKnownFileType = text.plist.xml; path = Info.plist; sourceTree = "<group>"; };
		F9AF14D225DD04B800777A77 /* CodeBaseUITests.xctest */ = {isa = PBXFileReference; explicitFileType = wrapper.cfbundle; includeInIndex = 0; path = CodeBaseUITests.xctest; sourceTree = BUILT_PRODUCTS_DIR; };
		F9AF14D625DD04B800777A77 /* CodeBaseUITests.swift */ = {isa = PBXFileReference; lastKnownFileType = sourcecode.swift; path = CodeBaseUITests.swift; sourceTree = "<group>"; };
		F9AF14D825DD04B800777A77 /* Info.plist */ = {isa = PBXFileReference; lastKnownFileType = text.plist.xml; path = Info.plist; sourceTree = "<group>"; };
		F9AF14F625DD059000777A77 /* SettingViewController.swift */ = {isa = PBXFileReference; fileEncoding = 4; lastKnownFileType = sourcecode.swift; path = SettingViewController.swift; sourceTree = "<group>"; };
		F9AF14F825DD059100777A77 /* RocketDetailViewController.swift */ = {isa = PBXFileReference; fileEncoding = 4; lastKnownFileType = sourcecode.swift; path = RocketDetailViewController.swift; sourceTree = "<group>"; };
		F9AF14F925DD059100777A77 /* RocketDetailViewModel.swift */ = {isa = PBXFileReference; fileEncoding = 4; lastKnownFileType = sourcecode.swift; path = RocketDetailViewModel.swift; sourceTree = "<group>"; };
		F9AF14FA25DD059100777A77 /* MainViewController.swift */ = {isa = PBXFileReference; fileEncoding = 4; lastKnownFileType = sourcecode.swift; path = MainViewController.swift; sourceTree = "<group>"; };
		F9AF14FB25DD059100777A77 /* MainViewModel.swift */ = {isa = PBXFileReference; fileEncoding = 4; lastKnownFileType = sourcecode.swift; path = MainViewModel.swift; sourceTree = "<group>"; };
		F9AF14FC25DD059100777A77 /* MainTabbarViewController.swift */ = {isa = PBXFileReference; fileEncoding = 4; lastKnownFileType = sourcecode.swift; path = MainTabbarViewController.swift; sourceTree = "<group>"; };
		F9AF14FE25DD059100777A77 /* Constants.swift */ = {isa = PBXFileReference; fileEncoding = 4; lastKnownFileType = sourcecode.swift; path = Constants.swift; sourceTree = "<group>"; };
		F9AF150025DD059100777A77 /* YouTubeSearchNetwork.swift */ = {isa = PBXFileReference; fileEncoding = 4; lastKnownFileType = sourcecode.swift; path = YouTubeSearchNetwork.swift; sourceTree = "<group>"; };
		F9AF150125DD059100777A77 /* Network.swift */ = {isa = PBXFileReference; fileEncoding = 4; lastKnownFileType = sourcecode.swift; path = Network.swift; sourceTree = "<group>"; };
		F9AF150225DD059100777A77 /* RocketListNetwork.swift */ = {isa = PBXFileReference; fileEncoding = 4; lastKnownFileType = sourcecode.swift; path = RocketListNetwork.swift; sourceTree = "<group>"; };
		F9AF150425DD059100777A77 /* BaseViewController.swift */ = {isa = PBXFileReference; fileEncoding = 4; lastKnownFileType = sourcecode.swift; path = BaseViewController.swift; sourceTree = "<group>"; };
		F9AF150525DD059100777A77 /* BaseContract.swift */ = {isa = PBXFileReference; fileEncoding = 4; lastKnownFileType = sourcecode.swift; path = BaseContract.swift; sourceTree = "<group>"; };
		F9AF150625DD059100777A77 /* BaseViewModel.swift */ = {isa = PBXFileReference; fileEncoding = 4; lastKnownFileType = sourcecode.swift; path = BaseViewModel.swift; sourceTree = "<group>"; };
		F9AF151725DD05EB00777A77 /* MainViewModelTests.swift */ = {isa = PBXFileReference; fileEncoding = 4; lastKnownFileType = sourcecode.swift; path = MainViewModelTests.swift; sourceTree = "<group>"; };
/* End PBXFileReference section */

/* Begin PBXFrameworksBuildPhase section */
		F9AF14AE25DD04B600777A77 /* Frameworks */ = {
			isa = PBXFrameworksBuildPhase;
			buildActionMask = 2147483647;
			files = (
				C9BA89257093FD63AB70BFEE /* Pods_CodeBase.framework in Frameworks */,
			);
			runOnlyForDeploymentPostprocessing = 0;
		};
		F9AF14C425DD04B700777A77 /* Frameworks */ = {
			isa = PBXFrameworksBuildPhase;
			buildActionMask = 2147483647;
			files = (
				3977D43E3B58D331BD80BB42 /* Pods_CodeBaseTests.framework in Frameworks */,
			);
			runOnlyForDeploymentPostprocessing = 0;
		};
		F9AF14CF25DD04B800777A77 /* Frameworks */ = {
			isa = PBXFrameworksBuildPhase;
			buildActionMask = 2147483647;
			files = (
				D384AFCA058B0936E81A66B2 /* Pods_CodeBase_CodeBaseUITests.framework in Frameworks */,
			);
			runOnlyForDeploymentPostprocessing = 0;
		};
/* End PBXFrameworksBuildPhase section */

/* Begin PBXGroup section */
		2C4990FB7D1B57987F4EAD6B /* Frameworks */ = {
			isa = PBXGroup;
			children = (
				3E95DF63FE1DBBD777B9330B /* Pods_CodeBase.framework */,
				874D816B0662B4F71EFF98D9 /* Pods_CodeBase_CodeBaseUITests.framework */,
				B771461FCC4DA07BC7936130 /* Pods_CodeBaseTests.framework */,
			);
			name = Frameworks;
			sourceTree = "<group>";
		};
		AF7E6402E4C3F7D42EE33BAF /* Pods */ = {
			isa = PBXGroup;
			children = (
				DD22F5830E06062C762CF501 /* Pods-CodeBase.debug.xcconfig */,
				19FE92B0DFC7B1479B1CC716 /* Pods-CodeBase.release.xcconfig */,
				15037355E1961712FE6D5ED3 /* Pods-CodeBase-CodeBaseUITests.debug.xcconfig */,
				AA7940492A3EE3CC01AB6146 /* Pods-CodeBase-CodeBaseUITests.release.xcconfig */,
				5773AE4D1F09AA97BADC2C73 /* Pods-CodeBaseTests.debug.xcconfig */,
				5BD32B6BD820BEAA3A31AEF5 /* Pods-CodeBaseTests.release.xcconfig */,
			);
			path = Pods;
			sourceTree = "<group>";
		};
		F9AF14A825DD04B600777A77 = {
			isa = PBXGroup;
			children = (
				F9AF14B325DD04B600777A77 /* CodeBase */,
				F9AF14CA25DD04B700777A77 /* CodeBaseTests */,
				F9AF14D525DD04B800777A77 /* CodeBaseUITests */,
				F9AF14B225DD04B600777A77 /* Products */,
				AF7E6402E4C3F7D42EE33BAF /* Pods */,
				2C4990FB7D1B57987F4EAD6B /* Frameworks */,
			);
			sourceTree = "<group>";
		};
		F9AF14B225DD04B600777A77 /* Products */ = {
			isa = PBXGroup;
			children = (
				F9AF14B125DD04B600777A77 /* CodeBase.app */,
				F9AF14C725DD04B700777A77 /* CodeBaseTests.xctest */,
				F9AF14D225DD04B800777A77 /* CodeBaseUITests.xctest */,
			);
			name = Products;
			sourceTree = "<group>";
		};
		F9AF14B325DD04B600777A77 /* CodeBase */ = {
			isa = PBXGroup;
			children = (
				F9AF14FD25DD059100777A77 /* Base */,
				F9AF14F725DD059100777A77 /* Main */,
				F9AF14FC25DD059100777A77 /* MainTabbarViewController.swift */,
				F9AF14F625DD059000777A77 /* SettingViewController.swift */,
				F9AF14B425DD04B600777A77 /* AppDelegate.swift */,
				F9AF14BA25DD04B600777A77 /* Main.storyboard */,
				F9AF14BD25DD04B700777A77 /* Assets.xcassets */,
				F9AF14BF25DD04B700777A77 /* LaunchScreen.storyboard */,
				F9AF14C225DD04B700777A77 /* Info.plist */,
			);
			path = CodeBase;
			sourceTree = "<group>";
		};
		F9AF14CA25DD04B700777A77 /* CodeBaseTests */ = {
			isa = PBXGroup;
			children = (
				F9AF151725DD05EB00777A77 /* MainViewModelTests.swift */,
				F9AF14CB25DD04B700777A77 /* CodeBaseTests.swift */,
				F9AF14CD25DD04B700777A77 /* Info.plist */,
			);
			path = CodeBaseTests;
			sourceTree = "<group>";
		};
		F9AF14D525DD04B800777A77 /* CodeBaseUITests */ = {
			isa = PBXGroup;
			children = (
				F9AF14D625DD04B800777A77 /* CodeBaseUITests.swift */,
				F9AF14D825DD04B800777A77 /* Info.plist */,
			);
			path = CodeBaseUITests;
			sourceTree = "<group>";
		};
		F9AF14F725DD059100777A77 /* Main */ = {
			isa = PBXGroup;
			children = (
				F9AF14F825DD059100777A77 /* RocketDetailViewController.swift */,
				F9AF14F925DD059100777A77 /* RocketDetailViewModel.swift */,
				F9AF14FA25DD059100777A77 /* MainViewController.swift */,
				F9AF14FB25DD059100777A77 /* MainViewModel.swift */,
			);
			path = Main;
			sourceTree = "<group>";
		};
		F9AF14FD25DD059100777A77 /* Base */ = {
			isa = PBXGroup;
			children = (
				F9AF14FE25DD059100777A77 /* Constants.swift */,
				F9AF14FF25DD059100777A77 /* Network */,
				F9AF150325DD059100777A77 /* ViewController */,
			);
			path = Base;
			sourceTree = "<group>";
		};
		F9AF14FF25DD059100777A77 /* Network */ = {
			isa = PBXGroup;
			children = (
				F9AF150025DD059100777A77 /* YouTubeSearchNetwork.swift */,
				F9AF150125DD059100777A77 /* Network.swift */,
				F9AF150225DD059100777A77 /* RocketListNetwork.swift */,
			);
			path = Network;
			sourceTree = "<group>";
		};
		F9AF150325DD059100777A77 /* ViewController */ = {
			isa = PBXGroup;
			children = (
				F9AF150425DD059100777A77 /* BaseViewController.swift */,
				F9AF150525DD059100777A77 /* BaseContract.swift */,
				F9AF150625DD059100777A77 /* BaseViewModel.swift */,
			);
			path = ViewController;
			sourceTree = "<group>";
		};
/* End PBXGroup section */

/* Begin PBXNativeTarget section */
		F9AF14B025DD04B600777A77 /* CodeBase */ = {
			isa = PBXNativeTarget;
			buildConfigurationList = F9AF14DB25DD04B800777A77 /* Build configuration list for PBXNativeTarget "CodeBase" */;
			buildPhases = (
				445EECA9C3383EAE66D3F6B4 /* [CP] Check Pods Manifest.lock */,
				F9AF14AD25DD04B600777A77 /* Sources */,
				F9AF14AE25DD04B600777A77 /* Frameworks */,
				F9AF14AF25DD04B600777A77 /* Resources */,
				59E923054AC7D35588695200 /* [CP] Embed Pods Frameworks */,
			);
			buildRules = (
			);
			dependencies = (
			);
			name = CodeBase;
			productName = CodeBase;
			productReference = F9AF14B125DD04B600777A77 /* CodeBase.app */;
			productType = "com.apple.product-type.application";
		};
		F9AF14C625DD04B700777A77 /* CodeBaseTests */ = {
			isa = PBXNativeTarget;
			buildConfigurationList = F9AF14DE25DD04B800777A77 /* Build configuration list for PBXNativeTarget "CodeBaseTests" */;
			buildPhases = (
				DD91EFCC1BE4D1474C1062F0 /* [CP] Check Pods Manifest.lock */,
				F9AF14C325DD04B700777A77 /* Sources */,
				F9AF14C425DD04B700777A77 /* Frameworks */,
				F9AF14C525DD04B700777A77 /* Resources */,
			);
			buildRules = (
			);
			dependencies = (
				F9AF14C925DD04B700777A77 /* PBXTargetDependency */,
			);
			name = CodeBaseTests;
			productName = CodeBaseTests;
			productReference = F9AF14C725DD04B700777A77 /* CodeBaseTests.xctest */;
			productType = "com.apple.product-type.bundle.unit-test";
		};
		F9AF14D125DD04B800777A77 /* CodeBaseUITests */ = {
			isa = PBXNativeTarget;
			buildConfigurationList = F9AF14E125DD04B800777A77 /* Build configuration list for PBXNativeTarget "CodeBaseUITests" */;
			buildPhases = (
				84048AD9AADF749EA21F8D15 /* [CP] Check Pods Manifest.lock */,
				F9AF14CE25DD04B800777A77 /* Sources */,
				F9AF14CF25DD04B800777A77 /* Frameworks */,
				F9AF14D025DD04B800777A77 /* Resources */,
				5B4DD8473BA2612A45D76BCD /* [CP] Embed Pods Frameworks */,
			);
			buildRules = (
			);
			dependencies = (
				F9AF14D425DD04B800777A77 /* PBXTargetDependency */,
			);
			name = CodeBaseUITests;
			productName = CodeBaseUITests;
			productReference = F9AF14D225DD04B800777A77 /* CodeBaseUITests.xctest */;
			productType = "com.apple.product-type.bundle.ui-testing";
		};
/* End PBXNativeTarget section */

/* Begin PBXProject section */
		F9AF14A925DD04B600777A77 /* Project object */ = {
			isa = PBXProject;
			attributes = {
				LastSwiftUpdateCheck = 1220;
				LastUpgradeCheck = 1220;
				TargetAttributes = {
					F9AF14B025DD04B600777A77 = {
						CreatedOnToolsVersion = 12.2;
					};
					F9AF14C625DD04B700777A77 = {
						CreatedOnToolsVersion = 12.2;
						TestTargetID = F9AF14B025DD04B600777A77;
					};
					F9AF14D125DD04B800777A77 = {
						CreatedOnToolsVersion = 12.2;
						TestTargetID = F9AF14B025DD04B600777A77;
					};
				};
			};
			buildConfigurationList = F9AF14AC25DD04B600777A77 /* Build configuration list for PBXProject "CodeBase" */;
			compatibilityVersion = "Xcode 9.3";
			developmentRegion = en;
			hasScannedForEncodings = 0;
			knownRegions = (
				en,
				Base,
			);
			mainGroup = F9AF14A825DD04B600777A77;
			productRefGroup = F9AF14B225DD04B600777A77 /* Products */;
			projectDirPath = "";
			projectRoot = "";
			targets = (
				F9AF14B025DD04B600777A77 /* CodeBase */,
				F9AF14C625DD04B700777A77 /* CodeBaseTests */,
				F9AF14D125DD04B800777A77 /* CodeBaseUITests */,
			);
		};
/* End PBXProject section */

/* Begin PBXResourcesBuildPhase section */
		F9AF14AF25DD04B600777A77 /* Resources */ = {
			isa = PBXResourcesBuildPhase;
			buildActionMask = 2147483647;
			files = (
				F9AF14C125DD04B700777A77 /* LaunchScreen.storyboard in Resources */,
				F9AF14BE25DD04B700777A77 /* Assets.xcassets in Resources */,
				F9AF14BC25DD04B600777A77 /* Main.storyboard in Resources */,
			);
			runOnlyForDeploymentPostprocessing = 0;
		};
		F9AF14C525DD04B700777A77 /* Resources */ = {
			isa = PBXResourcesBuildPhase;
			buildActionMask = 2147483647;
			files = (
			);
			runOnlyForDeploymentPostprocessing = 0;
		};
		F9AF14D025DD04B800777A77 /* Resources */ = {
			isa = PBXResourcesBuildPhase;
			buildActionMask = 2147483647;
			files = (
			);
			runOnlyForDeploymentPostprocessing = 0;
		};
/* End PBXResourcesBuildPhase section */

/* Begin PBXShellScriptBuildPhase section */
		445EECA9C3383EAE66D3F6B4 /* [CP] Check Pods Manifest.lock */ = {
			isa = PBXShellScriptBuildPhase;
			buildActionMask = 2147483647;
			files = (
			);
			inputFileListPaths = (
			);
			inputPaths = (
				"${PODS_PODFILE_DIR_PATH}/Podfile.lock",
				"${PODS_ROOT}/Manifest.lock",
			);
			name = "[CP] Check Pods Manifest.lock";
			outputFileListPaths = (
			);
			outputPaths = (
				"$(DERIVED_FILE_DIR)/Pods-CodeBase-checkManifestLockResult.txt",
			);
			runOnlyForDeploymentPostprocessing = 0;
			shellPath = /bin/sh;
			shellScript = "diff \"${PODS_PODFILE_DIR_PATH}/Podfile.lock\" \"${PODS_ROOT}/Manifest.lock\" > /dev/null\nif [ $? != 0 ] ; then\n    # print error to STDERR\n    echo \"error: The sandbox is not in sync with the Podfile.lock. Run 'pod install' or update your CocoaPods installation.\" >&2\n    exit 1\nfi\n# This output is used by Xcode 'outputs' to avoid re-running this script phase.\necho \"SUCCESS\" > \"${SCRIPT_OUTPUT_FILE_0}\"\n";
			showEnvVarsInLog = 0;
		};
		59E923054AC7D35588695200 /* [CP] Embed Pods Frameworks */ = {
			isa = PBXShellScriptBuildPhase;
			buildActionMask = 2147483647;
			files = (
			);
			inputFileListPaths = (
				"${PODS_ROOT}/Target Support Files/Pods-CodeBase/Pods-CodeBase-frameworks-${CONFIGURATION}-input-files.xcfilelist",
			);
			name = "[CP] Embed Pods Frameworks";
			outputFileListPaths = (
				"${PODS_ROOT}/Target Support Files/Pods-CodeBase/Pods-CodeBase-frameworks-${CONFIGURATION}-output-files.xcfilelist",
			);
			runOnlyForDeploymentPostprocessing = 0;
			shellPath = /bin/sh;
			shellScript = "\"${PODS_ROOT}/Target Support Files/Pods-CodeBase/Pods-CodeBase-frameworks.sh\"\n";
			showEnvVarsInLog = 0;
		};
		5B4DD8473BA2612A45D76BCD /* [CP] Embed Pods Frameworks */ = {
			isa = PBXShellScriptBuildPhase;
			buildActionMask = 2147483647;
			files = (
			);
			inputFileListPaths = (
				"${PODS_ROOT}/Target Support Files/Pods-CodeBase-CodeBaseUITests/Pods-CodeBase-CodeBaseUITests-frameworks-${CONFIGURATION}-input-files.xcfilelist",
			);
			name = "[CP] Embed Pods Frameworks";
			outputFileListPaths = (
				"${PODS_ROOT}/Target Support Files/Pods-CodeBase-CodeBaseUITests/Pods-CodeBase-CodeBaseUITests-frameworks-${CONFIGURATION}-output-files.xcfilelist",
			);
			runOnlyForDeploymentPostprocessing = 0;
			shellPath = /bin/sh;
			shellScript = "\"${PODS_ROOT}/Target Support Files/Pods-CodeBase-CodeBaseUITests/Pods-CodeBase-CodeBaseUITests-frameworks.sh\"\n";
			showEnvVarsInLog = 0;
		};
		84048AD9AADF749EA21F8D15 /* [CP] Check Pods Manifest.lock */ = {
			isa = PBXShellScriptBuildPhase;
			buildActionMask = 2147483647;
			files = (
			);
			inputFileListPaths = (
			);
			inputPaths = (
				"${PODS_PODFILE_DIR_PATH}/Podfile.lock",
				"${PODS_ROOT}/Manifest.lock",
			);
			name = "[CP] Check Pods Manifest.lock";
			outputFileListPaths = (
			);
			outputPaths = (
				"$(DERIVED_FILE_DIR)/Pods-CodeBase-CodeBaseUITests-checkManifestLockResult.txt",
			);
			runOnlyForDeploymentPostprocessing = 0;
			shellPath = /bin/sh;
			shellScript = "diff \"${PODS_PODFILE_DIR_PATH}/Podfile.lock\" \"${PODS_ROOT}/Manifest.lock\" > /dev/null\nif [ $? != 0 ] ; then\n    # print error to STDERR\n    echo \"error: The sandbox is not in sync with the Podfile.lock. Run 'pod install' or update your CocoaPods installation.\" >&2\n    exit 1\nfi\n# This output is used by Xcode 'outputs' to avoid re-running this script phase.\necho \"SUCCESS\" > \"${SCRIPT_OUTPUT_FILE_0}\"\n";
			showEnvVarsInLog = 0;
		};
		DD91EFCC1BE4D1474C1062F0 /* [CP] Check Pods Manifest.lock */ = {
			isa = PBXShellScriptBuildPhase;
			buildActionMask = 2147483647;
			files = (
			);
			inputFileListPaths = (
			);
			inputPaths = (
				"${PODS_PODFILE_DIR_PATH}/Podfile.lock",
				"${PODS_ROOT}/Manifest.lock",
			);
			name = "[CP] Check Pods Manifest.lock";
			outputFileListPaths = (
			);
			outputPaths = (
				"$(DERIVED_FILE_DIR)/Pods-CodeBaseTests-checkManifestLockResult.txt",
			);
			runOnlyForDeploymentPostprocessing = 0;
			shellPath = /bin/sh;
			shellScript = "diff \"${PODS_PODFILE_DIR_PATH}/Podfile.lock\" \"${PODS_ROOT}/Manifest.lock\" > /dev/null\nif [ $? != 0 ] ; then\n    # print error to STDERR\n    echo \"error: The sandbox is not in sync with the Podfile.lock. Run 'pod install' or update your CocoaPods installation.\" >&2\n    exit 1\nfi\n# This output is used by Xcode 'outputs' to avoid re-running this script phase.\necho \"SUCCESS\" > \"${SCRIPT_OUTPUT_FILE_0}\"\n";
			showEnvVarsInLog = 0;
		};
/* End PBXShellScriptBuildPhase section */

/* Begin PBXSourcesBuildPhase section */
		F9AF14AD25DD04B600777A77 /* Sources */ = {
			isa = PBXSourcesBuildPhase;
			buildActionMask = 2147483647;
			files = (
				F9AF150F25DD059100777A77 /* Network.swift in Sources */,
				F9AF151025DD059100777A77 /* RocketListNetwork.swift in Sources */,
				F9AF150825DD059100777A77 /* RocketDetailViewController.swift in Sources */,
				F9AF151325DD059100777A77 /* BaseViewModel.swift in Sources */,
				F9AF150925DD059100777A77 /* RocketDetailViewModel.swift in Sources */,
				F9AF150E25DD059100777A77 /* YouTubeSearchNetwork.swift in Sources */,
				F9AF151125DD059100777A77 /* BaseViewController.swift in Sources */,
				F9AF14B525DD04B600777A77 /* AppDelegate.swift in Sources */,
				F9AF151225DD059100777A77 /* BaseContract.swift in Sources */,
				F9AF150C25DD059100777A77 /* MainTabbarViewController.swift in Sources */,
				F9AF150725DD059100777A77 /* SettingViewController.swift in Sources */,
				F9AF150A25DD059100777A77 /* MainViewController.swift in Sources */,
				F9AF150B25DD059100777A77 /* MainViewModel.swift in Sources */,
				F9AF150D25DD059100777A77 /* Constants.swift in Sources */,
			);
			runOnlyForDeploymentPostprocessing = 0;
		};
		F9AF14C325DD04B700777A77 /* Sources */ = {
			isa = PBXSourcesBuildPhase;
			buildActionMask = 2147483647;
			files = (
				F9AF14CC25DD04B700777A77 /* CodeBaseTests.swift in Sources */,
				F9AF151825DD05EB00777A77 /* MainViewModelTests.swift in Sources */,
			);
			runOnlyForDeploymentPostprocessing = 0;
		};
		F9AF14CE25DD04B800777A77 /* Sources */ = {
			isa = PBXSourcesBuildPhase;
			buildActionMask = 2147483647;
			files = (
				F9AF14D725DD04B800777A77 /* CodeBaseUITests.swift in Sources */,
			);
			runOnlyForDeploymentPostprocessing = 0;
		};
/* End PBXSourcesBuildPhase section */

/* Begin PBXTargetDependency section */
		F9AF14C925DD04B700777A77 /* PBXTargetDependency */ = {
			isa = PBXTargetDependency;
			target = F9AF14B025DD04B600777A77 /* CodeBase */;
			targetProxy = F9AF14C825DD04B700777A77 /* PBXContainerItemProxy */;
		};
		F9AF14D425DD04B800777A77 /* PBXTargetDependency */ = {
			isa = PBXTargetDependency;
			target = F9AF14B025DD04B600777A77 /* CodeBase */;
			targetProxy = F9AF14D325DD04B800777A77 /* PBXContainerItemProxy */;
		};
/* End PBXTargetDependency section */

/* Begin PBXVariantGroup section */
		F9AF14BA25DD04B600777A77 /* Main.storyboard */ = {
			isa = PBXVariantGroup;
			children = (
				F9AF14BB25DD04B600777A77 /* Base */,
			);
			name = Main.storyboard;
			sourceTree = "<group>";
		};
		F9AF14BF25DD04B700777A77 /* LaunchScreen.storyboard */ = {
			isa = PBXVariantGroup;
			children = (
				F9AF14C025DD04B700777A77 /* Base */,
			);
			name = LaunchScreen.storyboard;
			sourceTree = "<group>";
		};
/* End PBXVariantGroup section */

/* Begin XCBuildConfiguration section */
		F9AF14D925DD04B800777A77 /* Debug */ = {
			isa = XCBuildConfiguration;
			buildSettings = {
				ALWAYS_SEARCH_USER_PATHS = NO;
				CLANG_ANALYZER_NONNULL = YES;
				CLANG_ANALYZER_NUMBER_OBJECT_CONVERSION = YES_AGGRESSIVE;
				CLANG_CXX_LANGUAGE_STANDARD = "gnu++14";
				CLANG_CXX_LIBRARY = "libc++";
				CLANG_ENABLE_MODULES = YES;
				CLANG_ENABLE_OBJC_ARC = YES;
				CLANG_ENABLE_OBJC_WEAK = YES;
				CLANG_WARN_BLOCK_CAPTURE_AUTORELEASING = YES;
				CLANG_WARN_BOOL_CONVERSION = YES;
				CLANG_WARN_COMMA = YES;
				CLANG_WARN_CONSTANT_CONVERSION = YES;
				CLANG_WARN_DEPRECATED_OBJC_IMPLEMENTATIONS = YES;
				CLANG_WARN_DIRECT_OBJC_ISA_USAGE = YES_ERROR;
				CLANG_WARN_DOCUMENTATION_COMMENTS = YES;
				CLANG_WARN_EMPTY_BODY = YES;
				CLANG_WARN_ENUM_CONVERSION = YES;
				CLANG_WARN_INFINITE_RECURSION = YES;
				CLANG_WARN_INT_CONVERSION = YES;
				CLANG_WARN_NON_LITERAL_NULL_CONVERSION = YES;
				CLANG_WARN_OBJC_IMPLICIT_RETAIN_SELF = YES;
				CLANG_WARN_OBJC_LITERAL_CONVERSION = YES;
				CLANG_WARN_OBJC_ROOT_CLASS = YES_ERROR;
				CLANG_WARN_QUOTED_INCLUDE_IN_FRAMEWORK_HEADER = YES;
				CLANG_WARN_RANGE_LOOP_ANALYSIS = YES;
				CLANG_WARN_STRICT_PROTOTYPES = YES;
				CLANG_WARN_SUSPICIOUS_MOVE = YES;
				CLANG_WARN_UNGUARDED_AVAILABILITY = YES_AGGRESSIVE;
				CLANG_WARN_UNREACHABLE_CODE = YES;
				CLANG_WARN__DUPLICATE_METHOD_MATCH = YES;
				COPY_PHASE_STRIP = NO;
				DEBUG_INFORMATION_FORMAT = dwarf;
				ENABLE_STRICT_OBJC_MSGSEND = YES;
				ENABLE_TESTABILITY = YES;
				GCC_C_LANGUAGE_STANDARD = gnu11;
				GCC_DYNAMIC_NO_PIC = NO;
				GCC_NO_COMMON_BLOCKS = YES;
				GCC_OPTIMIZATION_LEVEL = 0;
				GCC_PREPROCESSOR_DEFINITIONS = (
					"DEBUG=1",
					"$(inherited)",
				);
				GCC_WARN_64_TO_32_BIT_CONVERSION = YES;
				GCC_WARN_ABOUT_RETURN_TYPE = YES_ERROR;
				GCC_WARN_UNDECLARED_SELECTOR = YES;
				GCC_WARN_UNINITIALIZED_AUTOS = YES_AGGRESSIVE;
				GCC_WARN_UNUSED_FUNCTION = YES;
				GCC_WARN_UNUSED_VARIABLE = YES;
				IPHONEOS_DEPLOYMENT_TARGET = 14.2;
				MTL_ENABLE_DEBUG_INFO = INCLUDE_SOURCE;
				MTL_FAST_MATH = YES;
				ONLY_ACTIVE_ARCH = YES;
				SDKROOT = iphoneos;
				SWIFT_ACTIVE_COMPILATION_CONDITIONS = DEBUG;
				SWIFT_OPTIMIZATION_LEVEL = "-Onone";
			};
			name = Debug;
		};
		F9AF14DA25DD04B800777A77 /* Release */ = {
			isa = XCBuildConfiguration;
			buildSettings = {
				ALWAYS_SEARCH_USER_PATHS = NO;
				CLANG_ANALYZER_NONNULL = YES;
				CLANG_ANALYZER_NUMBER_OBJECT_CONVERSION = YES_AGGRESSIVE;
				CLANG_CXX_LANGUAGE_STANDARD = "gnu++14";
				CLANG_CXX_LIBRARY = "libc++";
				CLANG_ENABLE_MODULES = YES;
				CLANG_ENABLE_OBJC_ARC = YES;
				CLANG_ENABLE_OBJC_WEAK = YES;
				CLANG_WARN_BLOCK_CAPTURE_AUTORELEASING = YES;
				CLANG_WARN_BOOL_CONVERSION = YES;
				CLANG_WARN_COMMA = YES;
				CLANG_WARN_CONSTANT_CONVERSION = YES;
				CLANG_WARN_DEPRECATED_OBJC_IMPLEMENTATIONS = YES;
				CLANG_WARN_DIRECT_OBJC_ISA_USAGE = YES_ERROR;
				CLANG_WARN_DOCUMENTATION_COMMENTS = YES;
				CLANG_WARN_EMPTY_BODY = YES;
				CLANG_WARN_ENUM_CONVERSION = YES;
				CLANG_WARN_INFINITE_RECURSION = YES;
				CLANG_WARN_INT_CONVERSION = YES;
				CLANG_WARN_NON_LITERAL_NULL_CONVERSION = YES;
				CLANG_WARN_OBJC_IMPLICIT_RETAIN_SELF = YES;
				CLANG_WARN_OBJC_LITERAL_CONVERSION = YES;
				CLANG_WARN_OBJC_ROOT_CLASS = YES_ERROR;
				CLANG_WARN_QUOTED_INCLUDE_IN_FRAMEWORK_HEADER = YES;
				CLANG_WARN_RANGE_LOOP_ANALYSIS = YES;
				CLANG_WARN_STRICT_PROTOTYPES = YES;
				CLANG_WARN_SUSPICIOUS_MOVE = YES;
				CLANG_WARN_UNGUARDED_AVAILABILITY = YES_AGGRESSIVE;
				CLANG_WARN_UNREACHABLE_CODE = YES;
				CLANG_WARN__DUPLICATE_METHOD_MATCH = YES;
				COPY_PHASE_STRIP = NO;
				DEBUG_INFORMATION_FORMAT = "dwarf-with-dsym";
				ENABLE_NS_ASSERTIONS = NO;
				ENABLE_STRICT_OBJC_MSGSEND = YES;
				GCC_C_LANGUAGE_STANDARD = gnu11;
				GCC_NO_COMMON_BLOCKS = YES;
				GCC_WARN_64_TO_32_BIT_CONVERSION = YES;
				GCC_WARN_ABOUT_RETURN_TYPE = YES_ERROR;
				GCC_WARN_UNDECLARED_SELECTOR = YES;
				GCC_WARN_UNINITIALIZED_AUTOS = YES_AGGRESSIVE;
				GCC_WARN_UNUSED_FUNCTION = YES;
				GCC_WARN_UNUSED_VARIABLE = YES;
				IPHONEOS_DEPLOYMENT_TARGET = 14.2;
				MTL_ENABLE_DEBUG_INFO = NO;
				MTL_FAST_MATH = YES;
				SDKROOT = iphoneos;
				SWIFT_COMPILATION_MODE = wholemodule;
				SWIFT_OPTIMIZATION_LEVEL = "-O";
				VALIDATE_PRODUCT = YES;
			};
			name = Release;
		};
		F9AF14DC25DD04B800777A77 /* Debug */ = {
			isa = XCBuildConfiguration;
			baseConfigurationReference = DD22F5830E06062C762CF501 /* Pods-CodeBase.debug.xcconfig */;
			buildSettings = {
				ASSETCATALOG_COMPILER_APPICON_NAME = AppIcon;
				ASSETCATALOG_COMPILER_GLOBAL_ACCENT_COLOR_NAME = AccentColor;
				CODE_SIGN_STYLE = Automatic;
				DEVELOPMENT_TEAM = 925978NBJR;
				INFOPLIST_FILE = CodeBase/Info.plist;
				LD_RUNPATH_SEARCH_PATHS = (
					"$(inherited)",
					"@executable_path/Frameworks",
				);
				PRODUCT_BUNDLE_IDENTIFIER = com.nlt.vn.musicAllInOne.CodeBase;
				PRODUCT_NAME = "$(TARGET_NAME)";
				SWIFT_VERSION = 5.0;
				TARGETED_DEVICE_FAMILY = "1,2";
			};
			name = Debug;
		};
		F9AF14DD25DD04B800777A77 /* Release */ = {
			isa = XCBuildConfiguration;
			baseConfigurationReference = 19FE92B0DFC7B1479B1CC716 /* Pods-CodeBase.release.xcconfig */;
			buildSettings = {
				ASSETCATALOG_COMPILER_APPICON_NAME = AppIcon;
				ASSETCATALOG_COMPILER_GLOBAL_ACCENT_COLOR_NAME = AccentColor;
				CODE_SIGN_STYLE = Automatic;
				DEVELOPMENT_TEAM = 925978NBJR;
				INFOPLIST_FILE = CodeBase/Info.plist;
				LD_RUNPATH_SEARCH_PATHS = (
					"$(inherited)",
					"@executable_path/Frameworks",
				);
				PRODUCT_BUNDLE_IDENTIFIER = com.nlt.vn.musicAllInOne.CodeBase;
				PRODUCT_NAME = "$(TARGET_NAME)";
				SWIFT_VERSION = 5.0;
				TARGETED_DEVICE_FAMILY = "1,2";
			};
			name = Release;
		};
		F9AF14DF25DD04B800777A77 /* Debug */ = {
			isa = XCBuildConfiguration;
			baseConfigurationReference = 5773AE4D1F09AA97BADC2C73 /* Pods-CodeBaseTests.debug.xcconfig */;
			buildSettings = {
				ALWAYS_EMBED_SWIFT_STANDARD_LIBRARIES = YES;
				BUNDLE_LOADER = "$(TEST_HOST)";
				CODE_SIGN_STYLE = Automatic;
				DEVELOPMENT_TEAM = 925978NBJR;
				INFOPLIST_FILE = CodeBaseTests/Info.plist;
				IPHONEOS_DEPLOYMENT_TARGET = 14.2;
				LD_RUNPATH_SEARCH_PATHS = (
					"$(inherited)",
					"@executable_path/Frameworks",
					"@loader_path/Frameworks",
				);
				PRODUCT_BUNDLE_IDENTIFIER = com.nlt.vn.musicAllInOne.CodeBaseTests;
				PRODUCT_NAME = "$(TARGET_NAME)";
				SWIFT_VERSION = 5.0;
				TARGETED_DEVICE_FAMILY = "1,2";
				TEST_HOST = "$(BUILT_PRODUCTS_DIR)/CodeBase.app/CodeBase";
			};
			name = Debug;
		};
		F9AF14E025DD04B800777A77 /* Release */ = {
			isa = XCBuildConfiguration;
			baseConfigurationReference = 5BD32B6BD820BEAA3A31AEF5 /* Pods-CodeBaseTests.release.xcconfig */;
			buildSettings = {
				ALWAYS_EMBED_SWIFT_STANDARD_LIBRARIES = YES;
				BUNDLE_LOADER = "$(TEST_HOST)";
				CODE_SIGN_STYLE = Automatic;
				DEVELOPMENT_TEAM = 925978NBJR;
				INFOPLIST_FILE = CodeBaseTests/Info.plist;
				IPHONEOS_DEPLOYMENT_TARGET = 14.2;
				LD_RUNPATH_SEARCH_PATHS = (
					"$(inherited)",
					"@executable_path/Frameworks",
					"@loader_path/Frameworks",
				);
				PRODUCT_BUNDLE_IDENTIFIER = com.nlt.vn.musicAllInOne.CodeBaseTests;
				PRODUCT_NAME = "$(TARGET_NAME)";
				SWIFT_VERSION = 5.0;
				TARGETED_DEVICE_FAMILY = "1,2";
				TEST_HOST = "$(BUILT_PRODUCTS_DIR)/CodeBase.app/CodeBase";
			};
			name = Release;
		};
		F9AF14E225DD04B800777A77 /* Debug */ = {
			isa = XCBuildConfiguration;
			baseConfigurationReference = 15037355E1961712FE6D5ED3 /* Pods-CodeBase-CodeBaseUITests.debug.xcconfig */;
			buildSettings = {
				ALWAYS_EMBED_SWIFT_STANDARD_LIBRARIES = YES;
				CODE_SIGN_STYLE = Automatic;
				DEVELOPMENT_TEAM = 925978NBJR;
				INFOPLIST_FILE = CodeBaseUITests/Info.plist;
				LD_RUNPATH_SEARCH_PATHS = (
					"$(inherited)",
					"@executable_path/Frameworks",
					"@loader_path/Frameworks",
				);
				PRODUCT_BUNDLE_IDENTIFIER = com.nlt.vn.musicAllInOne.CodeBaseUITests;
				PRODUCT_NAME = "$(TARGET_NAME)";
				SWIFT_VERSION = 5.0;
				TARGETED_DEVICE_FAMILY = "1,2";
				TEST_TARGET_NAME = CodeBase;
			};
			name = Debug;
		};
		F9AF14E325DD04B800777A77 /* Release */ = {
			isa = XCBuildConfiguration;
			baseConfigurationReference = AA7940492A3EE3CC01AB6146 /* Pods-CodeBase-CodeBaseUITests.release.xcconfig */;
			buildSettings = {
				ALWAYS_EMBED_SWIFT_STANDARD_LIBRARIES = YES;
				CODE_SIGN_STYLE = Automatic;
				DEVELOPMENT_TEAM = 925978NBJR;
				INFOPLIST_FILE = CodeBaseUITests/Info.plist;
				LD_RUNPATH_SEARCH_PATHS = (
					"$(inherited)",
					"@executable_path/Frameworks",
					"@loader_path/Frameworks",
				);
				PRODUCT_BUNDLE_IDENTIFIER = com.nlt.vn.musicAllInOne.CodeBaseUITests;
				PRODUCT_NAME = "$(TARGET_NAME)";
				SWIFT_VERSION = 5.0;
				TARGETED_DEVICE_FAMILY = "1,2";
				TEST_TARGET_NAME = CodeBase;
			};
			name = Release;
		};
/* End XCBuildConfiguration section */

/* Begin XCConfigurationList section */
		F9AF14AC25DD04B600777A77 /* Build configuration list for PBXProject "CodeBase" */ = {
			isa = XCConfigurationList;
			buildConfigurations = (
				F9AF14D925DD04B800777A77 /* Debug */,
				F9AF14DA25DD04B800777A77 /* Release */,
			);
			defaultConfigurationIsVisible = 0;
			defaultConfigurationName = Release;
		};
		F9AF14DB25DD04B800777A77 /* Build configuration list for PBXNativeTarget "CodeBase" */ = {
			isa = XCConfigurationList;
			buildConfigurations = (
				F9AF14DC25DD04B800777A77 /* Debug */,
				F9AF14DD25DD04B800777A77 /* Release */,
			);
			defaultConfigurationIsVisible = 0;
			defaultConfigurationName = Release;
		};
		F9AF14DE25DD04B800777A77 /* Build configuration list for PBXNativeTarget "CodeBaseTests" */ = {
			isa = XCConfigurationList;
			buildConfigurations = (
				F9AF14DF25DD04B800777A77 /* Debug */,
				F9AF14E025DD04B800777A77 /* Release */,
			);
			defaultConfigurationIsVisible = 0;
			defaultConfigurationName = Release;
		};
		F9AF14E125DD04B800777A77 /* Build configuration list for PBXNativeTarget "CodeBaseUITests" */ = {
			isa = XCConfigurationList;
			buildConfigurations = (
				F9AF14E225DD04B800777A77 /* Debug */,
				F9AF14E325DD04B800777A77 /* Release */,
			);
			defaultConfigurationIsVisible = 0;
			defaultConfigurationName = Release;
		};
/* End XCConfigurationList section */
	};
	rootObject = F9AF14A925DD04B600777A77 /* Project object */;
}
